{
	"requires": true,
	"lockfileVersion": 1,
	"dependencies": {
		"acorn": {
			"version": "1.2.2",
			"resolved": "https://registry.npmjs.org/acorn/-/acorn-1.2.2.tgz",
			"integrity": "sha1-yM4n3grMdtiW0rH6099YjZ6C8BQ="
		},
		"ajv": {
			"version": "4.11.8",
			"resolved": "https://registry.npmjs.org/ajv/-/ajv-4.11.8.tgz",
			"integrity": "sha1-gv+wKynmYq5TvcIK8VlHcGc5xTY=",
			"requires": {
				"co": "4.6.0",
				"json-stable-stringify": "1.0.1"
			}
		},
		"amdefine": {
			"version": "1.0.1",
			"resolved": "https://registry.npmjs.org/amdefine/-/amdefine-1.0.1.tgz",
			"integrity": "sha1-SlKCrBZHKek2Gbz9OtFR+BfOkfU=",
			"optional": true
		},
		"ansi-regex": {
			"version": "2.1.1",
			"resolved": "https://registry.npmjs.org/ansi-regex/-/ansi-regex-2.1.1.tgz",
			"integrity": "sha1-w7M6te42DYbg5ijwRorn7yfWVN8="
		},
		"asap": {
			"version": "2.0.5",
			"resolved": "https://registry.npmjs.org/asap/-/asap-2.0.5.tgz",
			"integrity": "sha1-UidltQw1EEkOUtfc/ghe+bqWlY8="
		},
		"asn1": {
			"version": "0.2.3",
			"resolved": "https://registry.npmjs.org/asn1/-/asn1-0.2.3.tgz",
			"integrity": "sha1-2sh4dxPJlmhJ/IGAd36+nB3fO4Y="
		},
		"assert-plus": {
			"version": "0.2.0",
			"resolved": "https://registry.npmjs.org/assert-plus/-/assert-plus-0.2.0.tgz",
			"integrity": "sha1-104bh+ev/A24qttwIfP+SBAasjQ="
		},
		"asynckit": {
			"version": "0.4.0",
			"resolved": "https://registry.npmjs.org/asynckit/-/asynckit-0.4.0.tgz",
			"integrity": "sha1-x57Zf380y48robyXkLzDZkdLS3k="
		},
		"aws-sign2": {
			"version": "0.6.0",
			"resolved": "https://registry.npmjs.org/aws-sign2/-/aws-sign2-0.6.0.tgz",
			"integrity": "sha1-FDQt0428yU0OW4fXY81jYSwOeU8="
		},
		"aws4": {
			"version": "1.6.0",
			"resolved": "https://registry.npmjs.org/aws4/-/aws4-1.6.0.tgz",
			"integrity": "sha1-g+9cqGCysy5KDe7e6MdxudtXRx4="
		},
		"bcrypt-pbkdf": {
			"version": "1.0.1",
			"resolved": "https://registry.npmjs.org/bcrypt-pbkdf/-/bcrypt-pbkdf-1.0.1.tgz",
			"integrity": "sha1-Y7xdy2EzG5K8Bf1SiVPDNGKgb40=",
			"optional": true,
			"requires": {
				"tweetnacl": "0.14.5"
			}
		},
		"boom": {
			"version": "2.10.1",
			"resolved": "https://registry.npmjs.org/boom/-/boom-2.10.1.tgz",
			"integrity": "sha1-OciRjO/1eZ+D+UkqhI9iWt0Mdm8=",
			"requires": {
				"hoek": "2.16.3"
			}
		},
		"brfs": {
			"version": "1.4.3",
			"resolved": "https://registry.npmjs.org/brfs/-/brfs-1.4.3.tgz",
			"integrity": "sha1-22ddb16SPm3wh/ylhZyQkKrtMhY=",
			"requires": {
				"quote-stream": "1.0.2",
				"resolve": "1.3.3",
				"static-module": "1.3.2",
				"through2": "2.0.3"
			}
		},
		"buffer-equal": {
			"version": "0.0.1",
			"resolved": "https://registry.npmjs.org/buffer-equal/-/buffer-equal-0.0.1.tgz",
			"integrity": "sha1-kbx0sR6kBbyRa8aqkI+q+ltKrEs="
		},
		"builtin-modules": {
			"version": "1.1.1",
			"resolved": "https://registry.npmjs.org/builtin-modules/-/builtin-modules-1.1.1.tgz",
			"integrity": "sha1-Jw8HbFpywC9bZaR9+Uxf46J4iS8="
		},
		"camelcase": {
			"version": "2.1.1",
			"resolved": "https://registry.npmjs.org/camelcase/-/camelcase-2.1.1.tgz",
			"integrity": "sha1-fB0W1nmhu+WcoCys7PsBHiAfWh8="
		},
		"canvas": {
			"version": "1.6.5",
			"resolved": "https://registry.npmjs.org/canvas/-/canvas-1.6.5.tgz",
			"integrity": "sha1-VX+ZiPXSyV/cJHxhpe5D3lL2cXw=",
			"optional": true,
			"requires": {
				"nan": "2.6.2",
				"parse-css-font": "2.0.2",
				"units-css": "0.4.0"
			}
		},
		"caseless": {
			"version": "0.12.0",
			"resolved": "https://registry.npmjs.org/caseless/-/caseless-0.12.0.tgz",
			"integrity": "sha1-G2gcIf+EAzyCZUMJBolCDRhxUdw="
		},
		"cliui": {
			"version": "3.2.0",
			"resolved": "https://registry.npmjs.org/cliui/-/cliui-3.2.0.tgz",
			"integrity": "sha1-EgYBU3qRbSmUD5NNo7SNWFo5IT0=",
			"requires": {
				"string-width": "1.0.2",
				"strip-ansi": "3.0.1",
				"wrap-ansi": "2.1.0"
			}
		},
		"co": {
			"version": "4.6.0",
			"resolved": "https://registry.npmjs.org/co/-/co-4.6.0.tgz",
			"integrity": "sha1-bqa989hTrlTMuOR7+gvz+QMfsYQ="
		},
		"code-point-at": {
			"version": "1.1.0",
			"resolved": "https://registry.npmjs.org/code-point-at/-/code-point-at-1.1.0.tgz",
			"integrity": "sha1-DQcLTQQ6W+ozovGkDi7bPZpMz3c="
		},
		"combined-stream": {
			"version": "1.0.5",
			"resolved": "https://registry.npmjs.org/combined-stream/-/combined-stream-1.0.5.tgz",
			"integrity": "sha1-k4NwpXtKUd6ix3wV1cX9+JUWQAk=",
			"requires": {
				"delayed-stream": "1.0.0"
			}
		},
		"concat-stream": {
			"version": "1.6.0",
			"resolved": "https://registry.npmjs.org/concat-stream/-/concat-stream-1.6.0.tgz",
			"integrity": "sha1-CqxmL9Ur54lk1VMvaUeE5wEQrPc=",
			"requires": {
				"inherits": "2.0.3",
				"readable-stream": "2.3.3",
				"typedarray": "0.0.6"
			}
		},
		"core-util-is": {
			"version": "1.0.2",
			"resolved": "https://registry.npmjs.org/core-util-is/-/core-util-is-1.0.2.tgz",
			"integrity": "sha1-tf1UIgqivFq1eqtxQMlAdUUDwac="
		},
		"cryptiles": {
			"version": "2.0.5",
			"resolved": "https://registry.npmjs.org/cryptiles/-/cryptiles-2.0.5.tgz",
			"integrity": "sha1-O9/s3GCBR8HGcgL6KR59ylnqo7g=",
			"requires": {
				"boom": "2.10.1"
			}
		},
		"css-font-size-keywords": {
			"version": "1.0.0",
			"resolved": "https://registry.npmjs.org/css-font-size-keywords/-/css-font-size-keywords-1.0.0.tgz",
			"integrity": "sha1-hUh1rOmspqjS7g00WkSq6btttss=",
			"optional": true
		},
		"css-font-stretch-keywords": {
			"version": "1.0.1",
			"resolved": "https://registry.npmjs.org/css-font-stretch-keywords/-/css-font-stretch-keywords-1.0.1.tgz",
			"integrity": "sha1-UM7puboDH7XJUtRyMTnx4Qe1SxA=",
			"optional": true
		},
		"css-font-style-keywords": {
			"version": "1.0.1",
			"resolved": "https://registry.npmjs.org/css-font-style-keywords/-/css-font-style-keywords-1.0.1.tgz",
			"integrity": "sha1-XDUygT9jtKHelU0TzqhqtDM0CeQ=",
			"optional": true
		},
		"css-font-weight-keywords": {
			"version": "1.0.0",
			"resolved": "https://registry.npmjs.org/css-font-weight-keywords/-/css-font-weight-keywords-1.0.0.tgz",
			"integrity": "sha1-m8BGcayFvHJLV07106yWsNYE/Zc=",
			"optional": true
		},
		"css-global-keywords": {
			"version": "1.0.1",
			"resolved": "https://registry.npmjs.org/css-global-keywords/-/css-global-keywords-1.0.1.tgz",
			"integrity": "sha1-cqmupyeW0Bmx0qMlLeTlqqN+Smk=",
			"optional": true
		},
		"css-list-helpers": {
			"version": "1.0.1",
			"resolved": "https://registry.npmjs.org/css-list-helpers/-/css-list-helpers-1.0.1.tgz",
			"integrity": "sha1-//VxkiAtuDJAxBaG+RnkSacCT30=",
			"optional": true,
			"requires": {
				"tcomb": "2.7.0"
			}
		},
		"css-system-font-keywords": {
			"version": "1.0.0",
			"resolved": "https://registry.npmjs.org/css-system-font-keywords/-/css-system-font-keywords-1.0.0.tgz",
			"integrity": "sha1-hcbwhquk6zLFcaMIav/ENLhII+0=",
			"optional": true
		},
		"d3": {
			"version": "3.5.17",
			"resolved": "https://registry.npmjs.org/d3/-/d3-3.5.17.tgz",
			"integrity": "sha1-vEZ0gAQ3iyGjYMn8fPUjF5B2L7g="
		},
		"d3-cloud": {
			"version": "1.2.4",
			"resolved": "https://registry.npmjs.org/d3-cloud/-/d3-cloud-1.2.4.tgz",
			"integrity": "sha1-PhaUA62rdP2wyGdjjX8LuOaucf8=",
			"requires": {
				"d3-dispatch": "1.0.3"
			}
		},
		"d3-dispatch": {
			"version": "1.0.3",
			"resolved": "https://registry.npmjs.org/d3-dispatch/-/d3-dispatch-1.0.3.tgz",
			"integrity": "sha1-RuFJHqqbWMNY/OW+TovtYm54cfg="
		},
		"d3-dsv": {
			"version": "0.1.14",
			"resolved": "https://registry.npmjs.org/d3-dsv/-/d3-dsv-0.1.14.tgz",
			"integrity": "sha1-mDPNYaWj6B4DJjoc54903lah27g="
		},
		"d3-format": {
			"version": "0.4.2",
			"resolved": "https://registry.npmjs.org/d3-format/-/d3-format-0.4.2.tgz",
			"integrity": "sha1-qnWcHlquX6javJq3gZxQL8a1aHU="
		},
		"d3-geo-projection": {
			"version": "0.2.16",
			"resolved": "https://registry.npmjs.org/d3-geo-projection/-/d3-geo-projection-0.2.16.tgz",
			"integrity": "sha1-SZTs0QM92xUztsTFUoocgdzClCc=",
			"requires": {
				"brfs": "1.4.3"
			}
		},
		"d3-queue": {
			"version": "2.0.3",
			"resolved": "https://registry.npmjs.org/d3-queue/-/d3-queue-2.0.3.tgz",
			"integrity": "sha1-B/vaOsrlNYqcUpmq+ICt8JU+0sI="
		},
		"d3-time": {
			"version": "0.1.1",
			"resolved": "https://registry.npmjs.org/d3-time/-/d3-time-0.1.1.tgz",
			"integrity": "sha1-OM4qe7R6QDFhOCPd5GiOWOiSrls="
		},
		"d3-time-format": {
			"version": "0.2.1",
			"resolved": "https://registry.npmjs.org/d3-time-format/-/d3-time-format-0.2.1.tgz",
			"integrity": "sha1-hG45638iZ2aS2GBAxI6fpU/Yvxg=",
			"requires": {
				"d3-time": "0.1.1"
			}
		},
		"dashdash": {
			"version": "1.14.1",
			"resolved": "https://registry.npmjs.org/dashdash/-/dashdash-1.14.1.tgz",
			"integrity": "sha1-hTz6D3y+L+1d4gMmuN1YEDX24vA=",
			"requires": {
				"assert-plus": "1.0.0"
			},
			"dependencies": {
				"assert-plus": {
					"version": "1.0.0",
					"resolved": "https://registry.npmjs.org/assert-plus/-/assert-plus-1.0.0.tgz",
					"integrity": "sha1-8S4PPF13sLHN2RRpQuTpbB5N1SU="
				}
			}
		},
		"datalib": {
			"version": "1.7.3",
			"resolved": "https://registry.npmjs.org/datalib/-/datalib-1.7.3.tgz",
			"integrity": "sha1-RyJxW7kfWiQRz0K/mEkyzEA+ukg=",
			"requires": {
				"d3-dsv": "0.1.14",
				"d3-format": "0.4.2",
				"d3-time": "0.1.1",
				"d3-time-format": "0.2.1",
				"request": "2.81.0",
				"sync-request": "2.2.0",
				"topojson": "1.6.27"
			}
		},
		"decamelize": {
			"version": "1.2.0",
			"resolved": "https://registry.npmjs.org/decamelize/-/decamelize-1.2.0.tgz",
			"integrity": "sha1-9lNNFRSCabIDUue+4m9QH5oZEpA="
		},
		"delayed-stream": {
			"version": "1.0.0",
			"resolved": "https://registry.npmjs.org/delayed-stream/-/delayed-stream-1.0.0.tgz",
			"integrity": "sha1-3zrhmayt+31ECqrgsp4icrJOxhk="
		},
		"duplexer2": {
			"version": "0.0.2",
			"resolved": "https://registry.npmjs.org/duplexer2/-/duplexer2-0.0.2.tgz",
			"integrity": "sha1-xhTc9n4vsUmVqRcR5aYX6KYKMds=",
			"requires": {
				"readable-stream": "1.1.14"
			},
			"dependencies": {
				"isarray": {
					"version": "0.0.1",
					"resolved": "https://registry.npmjs.org/isarray/-/isarray-0.0.1.tgz",
					"integrity": "sha1-ihis/Kmo9Bd+Cav8YDiTmwXR7t8="
				},
				"readable-stream": {
					"version": "1.1.14",
					"resolved": "https://registry.npmjs.org/readable-stream/-/readable-stream-1.1.14.tgz",
					"integrity": "sha1-fPTFTvZI44EwhMY23SB54WbAgdk=",
					"requires": {
						"core-util-is": "1.0.2",
						"inherits": "2.0.3",
						"isarray": "0.0.1",
						"string_decoder": "0.10.31"
					}
				},
				"string_decoder": {
					"version": "0.10.31",
					"resolved": "https://registry.npmjs.org/string_decoder/-/string_decoder-0.10.31.tgz",
					"integrity": "sha1-YuIDvEF2bGwoyfyEMB2rHFMQ+pQ="
				}
			}
		},
		"ecc-jsbn": {
			"version": "0.1.1",
			"resolved": "https://registry.npmjs.org/ecc-jsbn/-/ecc-jsbn-0.1.1.tgz",
			"integrity": "sha1-D8c6ntXw1Tw4GTOYUj735UN3dQU=",
			"optional": true,
			"requires": {
				"jsbn": "0.1.1"
			}
		},
		"error-ex": {
			"version": "1.3.1",
			"resolved": "https://registry.npmjs.org/error-ex/-/error-ex-1.3.1.tgz",
			"integrity": "sha1-+FWobOYa3E6GIcPNoh56dhLDqNw=",
			"requires": {
				"is-arrayish": "0.2.1"
			}
		},
		"escodegen": {
			"version": "1.3.3",
			"resolved": "https://registry.npmjs.org/escodegen/-/escodegen-1.3.3.tgz",
			"integrity": "sha1-8CQBb1qI4Eb9EgBQVek5gC5sXyM=",
			"requires": {
				"esprima": "1.1.1",
				"estraverse": "1.5.1",
				"esutils": "1.0.0",
				"source-map": "0.1.43"
			}
		},
		"esprima": {
			"version": "1.1.1",
			"resolved": "https://registry.npmjs.org/esprima/-/esprima-1.1.1.tgz",
			"integrity": "sha1-W28VR/TRAuZw4UDFCb5ncdautUk="
		},
		"estraverse": {
			"version": "1.5.1",
			"resolved": "https://registry.npmjs.org/estraverse/-/estraverse-1.5.1.tgz",
			"integrity": "sha1-hno+jlip+EYYr7bC3bzZFrfLr3E="
		},
		"esutils": {
			"version": "1.0.0",
			"resolved": "https://registry.npmjs.org/esutils/-/esutils-1.0.0.tgz",
			"integrity": "sha1-gVHTWOIMisx/t0XnRywAJf5JZXA="
		},
		"extend": {
			"version": "3.0.1",
			"resolved": "https://registry.npmjs.org/extend/-/extend-3.0.1.tgz",
			"integrity": "sha1-p1Xqe8Gt/MWjHOfnYtuq3F5jZEQ="
		},
		"extsprintf": {
			"version": "1.0.2",
			"resolved": "https://registry.npmjs.org/extsprintf/-/extsprintf-1.0.2.tgz",
			"integrity": "sha1-4QgOBljjALBilJkMxw4VAiNf1VA="
		},
		"falafel": {
			"version": "1.2.0",
			"resolved": "https://registry.npmjs.org/falafel/-/falafel-1.2.0.tgz",
			"integrity": "sha1-wY0k71CRF0pJfzGM0ksCaiXN2rQ=",
			"requires": {
				"acorn": "1.2.2",
				"foreach": "2.0.5",
				"isarray": "0.0.1",
				"object-keys": "1.0.11"
			},
			"dependencies": {
				"isarray": {
					"version": "0.0.1",
					"resolved": "https://registry.npmjs.org/isarray/-/isarray-0.0.1.tgz",
					"integrity": "sha1-ihis/Kmo9Bd+Cav8YDiTmwXR7t8="
				}
			}
		},
		"find-up": {
			"version": "1.1.2",
			"resolved": "https://registry.npmjs.org/find-up/-/find-up-1.1.2.tgz",
			"integrity": "sha1-ay6YIrGizgpgq2TWEOzK1TyyTQ8=",
			"requires": {
				"path-exists": "2.1.0",
				"pinkie-promise": "2.0.1"
			}
		},
		"foreach": {
			"version": "2.0.5",
			"resolved": "https://registry.npmjs.org/foreach/-/foreach-2.0.5.tgz",
			"integrity": "sha1-C+4AUBiusmDQo6865ljdATbsG5k="
		},
		"forever-agent": {
			"version": "0.6.1",
			"resolved": "https://registry.npmjs.org/forever-agent/-/forever-agent-0.6.1.tgz",
			"integrity": "sha1-+8cfDEGt6zf5bFd60e1C2P2sypE="
		},
		"form-data": {
			"version": "2.1.4",
			"resolved": "https://registry.npmjs.org/form-data/-/form-data-2.1.4.tgz",
			"integrity": "sha1-M8GDrPGTJ27KqYFDpp6Uv+4XUNE=",
			"requires": {
				"asynckit": "0.4.0",
				"combined-stream": "1.0.5",
				"mime-types": "2.1.15"
			}
		},
		"function-bind": {
			"version": "1.1.0",
			"resolved": "https://registry.npmjs.org/function-bind/-/function-bind-1.1.0.tgz",
			"integrity": "sha1-FhdnFMgBeY5Ojyz391KUZ7tKV3E="
		},
		"get-caller-file": {
			"version": "1.0.2",
			"resolved": "https://registry.npmjs.org/get-caller-file/-/get-caller-file-1.0.2.tgz",
			"integrity": "sha1-9wLmMSfn4jHBYKgMFVSstw1QR+U="
		},
		"getpass": {
			"version": "0.1.7",
			"resolved": "https://registry.npmjs.org/getpass/-/getpass-0.1.7.tgz",
			"integrity": "sha1-Xv+OPmhNVprkyysSgmBOi6YhSfo=",
			"requires": {
				"assert-plus": "1.0.0"
			},
			"dependencies": {
				"assert-plus": {
					"version": "1.0.0",
					"resolved": "https://registry.npmjs.org/assert-plus/-/assert-plus-1.0.0.tgz",
					"integrity": "sha1-8S4PPF13sLHN2RRpQuTpbB5N1SU="
				}
			}
		},
		"graceful-fs": {
			"version": "4.1.11",
			"resolved": "https://registry.npmjs.org/graceful-fs/-/graceful-fs-4.1.11.tgz",
			"integrity": "sha1-Dovf5NHduIVNZOBOp8AOKgJuVlg="
		},
		"har-schema": {
			"version": "1.0.5",
			"resolved": "https://registry.npmjs.org/har-schema/-/har-schema-1.0.5.tgz",
			"integrity": "sha1-0mMTX0MwfALGAq/I/pWXDAFRNp4="
		},
		"har-validator": {
			"version": "4.2.1",
			"resolved": "https://registry.npmjs.org/har-validator/-/har-validator-4.2.1.tgz",
			"integrity": "sha1-M0gdDxu/9gDdID11gSpqX7oALio=",
			"requires": {
				"ajv": "4.11.8",
				"har-schema": "1.0.5"
			}
		},
		"has": {
			"version": "1.0.1",
			"resolved": "https://registry.npmjs.org/has/-/has-1.0.1.tgz",
			"integrity": "sha1-hGFzP1OLCDfJNh45qauelwTcLyg=",
			"requires": {
				"function-bind": "1.1.0"
			}
		},
		"hawk": {
			"version": "3.1.3",
			"resolved": "https://registry.npmjs.org/hawk/-/hawk-3.1.3.tgz",
			"integrity": "sha1-B4REvXwWQLD+VA0sm3PVlnjo4cQ=",
			"requires": {
				"boom": "2.10.1",
				"cryptiles": "2.0.5",
				"hoek": "2.16.3",
				"sntp": "1.0.9"
			}
		},
		"hoek": {
			"version": "2.16.3",
			"resolved": "https://registry.npmjs.org/hoek/-/hoek-2.16.3.tgz",
			"integrity": "sha1-ILt0A9POo5jpHcRxCo/xuCdKJe0="
		},
		"hosted-git-info": {
			"version": "2.5.0",
			"resolved": "https://registry.npmjs.org/hosted-git-info/-/hosted-git-info-2.5.0.tgz",
			"integrity": "sha512-pNgbURSuab90KbTqvRPsseaTxOJCZBD0a7t+haSN33piP9cCM4l0CqdzAif2hUqm716UovKB2ROmiabGAKVXyg=="
		},
		"http-basic": {
			"version": "2.5.1",
			"resolved": "https://registry.npmjs.org/http-basic/-/http-basic-2.5.1.tgz",
			"integrity": "sha1-jORHvbW2xXf4pj4/p4BW7Eu02/s=",
			"requires": {
				"caseless": "0.11.0",
				"concat-stream": "1.6.0",
				"http-response-object": "1.1.0"
			},
			"dependencies": {
				"caseless": {
					"version": "0.11.0",
					"resolved": "https://registry.npmjs.org/caseless/-/caseless-0.11.0.tgz",
					"integrity": "sha1-cVuW6phBWTzDMGeSP17GDr2k99c="
				}
			}
		},
		"http-response-object": {
			"version": "1.1.0",
			"resolved": "https://registry.npmjs.org/http-response-object/-/http-response-object-1.1.0.tgz",
			"integrity": "sha1-p8TnWq6C87tJBOT0P2FWc7TVGMM="
		},
		"http-signature": {
			"version": "1.1.1",
			"resolved": "https://registry.npmjs.org/http-signature/-/http-signature-1.1.1.tgz",
			"integrity": "sha1-33LiZwZs0Kxn+3at+OE0qPvPkb8=",
			"requires": {
				"assert-plus": "0.2.0",
				"jsprim": "1.4.0",
				"sshpk": "1.13.1"
			}
		},
		"iconv-lite": {
			"version": "0.2.11",
			"resolved": "https://registry.npmjs.org/iconv-lite/-/iconv-lite-0.2.11.tgz",
			"integrity": "sha1-HOYKOleGSiktEyH/RgnKS7llrcg="
		},
		"inherits": {
			"version": "2.0.3",
			"resolved": "https://registry.npmjs.org/inherits/-/inherits-2.0.3.tgz",
			"integrity": "sha1-Yzwsg+PaQqUC9SRmAiSA9CCCYd4="
		},
		"invert-kv": {
			"version": "1.0.0",
			"resolved": "https://registry.npmjs.org/invert-kv/-/invert-kv-1.0.0.tgz",
			"integrity": "sha1-EEqOSqym09jNFXqO+L+rLXo//bY="
		},
		"is-arrayish": {
			"version": "0.2.1",
			"resolved": "https://registry.npmjs.org/is-arrayish/-/is-arrayish-0.2.1.tgz",
			"integrity": "sha1-d8mYQFJ6qOyxqLppe4BkWnqSap0="
		},
		"is-builtin-module": {
			"version": "1.0.0",
			"resolved": "https://registry.npmjs.org/is-builtin-module/-/is-builtin-module-1.0.0.tgz",
			"integrity": "sha1-VAVy0096wxGfj3bDDLwbHgN6/74=",
			"requires": {
				"builtin-modules": "1.1.1"
			}
		},
		"is-fullwidth-code-point": {
			"version": "1.0.0",
			"resolved": "https://registry.npmjs.org/is-fullwidth-code-point/-/is-fullwidth-code-point-1.0.0.tgz",
			"integrity": "sha1-754xOG8DGn8NZDr4L95QxFfvAMs=",
			"requires": {
				"number-is-nan": "1.0.1"
			}
		},
		"is-typedarray": {
			"version": "1.0.0",
			"resolved": "https://registry.npmjs.org/is-typedarray/-/is-typedarray-1.0.0.tgz",
			"integrity": "sha1-5HnICFjfDBsR3dppQPlgEfzaSpo="
		},
		"is-utf8": {
			"version": "0.2.1",
			"resolved": "https://registry.npmjs.org/is-utf8/-/is-utf8-0.2.1.tgz",
			"integrity": "sha1-Sw2hRCEE0bM2NA6AeX6GXPOffXI="
		},
		"isarray": {
			"version": "1.0.0",
			"resolved": "https://registry.npmjs.org/isarray/-/isarray-1.0.0.tgz",
			"integrity": "sha1-u5NdSFgsuhaMBoNJV6VKPgcSTxE="
		},
		"isnumeric": {
			"version": "0.2.0",
			"resolved": "https://registry.npmjs.org/isnumeric/-/isnumeric-0.2.0.tgz",
			"integrity": "sha1-ojR7o2DeGeM9D/1ZD933dVy/LmQ=",
			"optional": true
		},
		"isstream": {
			"version": "0.1.2",
			"resolved": "https://registry.npmjs.org/isstream/-/isstream-0.1.2.tgz",
			"integrity": "sha1-R+Y/evVa+m+S4VAOaQ64uFKcCZo="
		},
		"jsbn": {
			"version": "0.1.1",
			"resolved": "https://registry.npmjs.org/jsbn/-/jsbn-0.1.1.tgz",
			"integrity": "sha1-peZUwuWi3rXyAdls77yoDA7y9RM=",
			"optional": true
		},
		"json-schema": {
			"version": "0.2.3",
			"resolved": "https://registry.npmjs.org/json-schema/-/json-schema-0.2.3.tgz",
			"integrity": "sha1-tIDIkuWaLwWVTOcnvT8qTogvnhM="
		},
		"json-stable-stringify": {
			"version": "1.0.1",
			"resolved": "https://registry.npmjs.org/json-stable-stringify/-/json-stable-stringify-1.0.1.tgz",
			"integrity": "sha1-mnWdOcXy/1A/1TAGRu1EX4jE+a8=",
			"requires": {
				"jsonify": "0.0.0"
			}
		},
		"json-stringify-safe": {
			"version": "5.0.1",
			"resolved": "https://registry.npmjs.org/json-stringify-safe/-/json-stringify-safe-5.0.1.tgz",
			"integrity": "sha1-Epai1Y/UXxmg9s4B1lcB4sc1tus="
		},
		"jsonify": {
			"version": "0.0.0",
			"resolved": "https://registry.npmjs.org/jsonify/-/jsonify-0.0.0.tgz",
			"integrity": "sha1-LHS27kHZPKUbe1qu6PUDYx0lKnM="
		},
		"jsprim": {
			"version": "1.4.0",
			"resolved": "https://registry.npmjs.org/jsprim/-/jsprim-1.4.0.tgz",
			"integrity": "sha1-o7h+QCmNjDgFUtjMdiigu5WiKRg=",
			"requires": {
				"assert-plus": "1.0.0",
				"extsprintf": "1.0.2",
				"json-schema": "0.2.3",
				"verror": "1.3.6"
			},
			"dependencies": {
				"assert-plus": {
					"version": "1.0.0",
					"resolved": "https://registry.npmjs.org/assert-plus/-/assert-plus-1.0.0.tgz",
					"integrity": "sha1-8S4PPF13sLHN2RRpQuTpbB5N1SU="
				}
			}
		},
		"lcid": {
			"version": "1.0.0",
			"resolved": "https://registry.npmjs.org/lcid/-/lcid-1.0.0.tgz",
			"integrity": "sha1-MIrMr6C8SDo4Z7S28rlQYlHRuDU=",
			"requires": {
				"invert-kv": "1.0.0"
			}
		},
		"load-json-file": {
			"version": "1.1.0",
			"resolved": "https://registry.npmjs.org/load-json-file/-/load-json-file-1.1.0.tgz",
			"integrity": "sha1-lWkFcI1YtLq0wiYbBPWfMcmTdMA=",
			"requires": {
				"graceful-fs": "4.1.11",
				"parse-json": "2.2.0",
				"pify": "2.3.0",
				"pinkie-promise": "2.0.1",
				"strip-bom": "2.0.0"
			}
		},
		"lodash": {
			"version": "4.17.4",
			"resolved": "https://registry.npmjs.org/lodash/-/lodash-4.17.4.tgz",
			"integrity": "sha1-eCA6TRwyiuHYbcpkYONptX9AVa4="
		},
		"mime-db": {
			"version": "1.27.0",
			"resolved": "https://registry.npmjs.org/mime-db/-/mime-db-1.27.0.tgz",
			"integrity": "sha1-gg9XIpa70g7CXtVeW13oaeVDbrE="
		},
		"mime-types": {
			"version": "2.1.15",
			"resolved": "https://registry.npmjs.org/mime-types/-/mime-types-2.1.15.tgz",
			"integrity": "sha1-pOv1BkCUVpI3uM9wBGd20J/JKu0=",
			"requires": {
				"mime-db": "1.27.0"
			}
		},
		"minimist": {
			"version": "1.2.0",
			"resolved": "https://registry.npmjs.org/minimist/-/minimist-1.2.0.tgz",
			"integrity": "sha1-o1AIsg9BOD7sH7kU9M1d95omQoQ="
		},
		"nan": {
			"version": "2.6.2",
			"resolved": "https://registry.npmjs.org/nan/-/nan-2.6.2.tgz",
			"integrity": "sha1-5P805slf37WuzAjeZZb0NgWn20U=",
			"optional": true
		},
		"normalize-package-data": {
			"version": "2.4.0",
			"resolved": "https://registry.npmjs.org/normalize-package-data/-/normalize-package-data-2.4.0.tgz",
			"integrity": "sha512-9jjUFbTPfEy3R/ad/2oNbKtW9Hgovl5O1FvFWKkKblNXoN/Oou6+9+KKohPK13Yc3/TyunyWhJp6gvRNR/PPAw==",
			"requires": {
				"hosted-git-info": "2.5.0",
				"is-builtin-module": "1.0.0",
				"semver": "5.3.0",
				"validate-npm-package-license": "3.0.1"
			}
		},
		"number-is-nan": {
			"version": "1.0.1",
			"resolved": "https://registry.npmjs.org/number-is-nan/-/number-is-nan-1.0.1.tgz",
			"integrity": "sha1-CXtgK1NCKlIsGvuHkDGDNpQaAR0="
		},
		"oauth-sign": {
			"version": "0.8.2",
			"resolved": "https://registry.npmjs.org/oauth-sign/-/oauth-sign-0.8.2.tgz",
			"integrity": "sha1-Rqarfwrq2N6unsBWV4C31O/rnUM="
		},
		"object-inspect": {
			"version": "0.4.0",
			"resolved": "https://registry.npmjs.org/object-inspect/-/object-inspect-0.4.0.tgz",
			"integrity": "sha1-9RV8EWwUVbJDsG7pdwM5LFrYn+w="
		},
		"object-keys": {
			"version": "1.0.11",
			"resolved": "https://registry.npmjs.org/object-keys/-/object-keys-1.0.11.tgz",
			"integrity": "sha1-xUYBd4rVYPEULODgG8yotW0TQm0="
		},
		"optimist": {
			"version": "0.3.7",
			"resolved": "https://registry.npmjs.org/optimist/-/optimist-0.3.7.tgz",
			"integrity": "sha1-yQlBrVnkJzMokjB00s8ufLxuwNk=",
			"requires": {
				"wordwrap": "0.0.3"
			}
		},
		"os-locale": {
			"version": "1.4.0",
			"resolved": "https://registry.npmjs.org/os-locale/-/os-locale-1.4.0.tgz",
			"integrity": "sha1-IPnxeuKe00XoveWDsT0gCYA8FNk=",
			"requires": {
				"lcid": "1.0.0"
			}
		},
		"os-shim": {
			"version": "0.1.3",
			"resolved": "https://registry.npmjs.org/os-shim/-/os-shim-0.1.3.tgz",
			"integrity": "sha1-a2LDeRz3kJ6jXtRuF2WLtBfLORc="
		},
		"parse-css-font": {
			"version": "2.0.2",
			"resolved": "https://registry.npmjs.org/parse-css-font/-/parse-css-font-2.0.2.tgz",
			"integrity": "sha1-e2CwYHBaJam5C38O1JPlgjJIplI=",
			"optional": true,
			"requires": {
				"css-font-size-keywords": "1.0.0",
				"css-font-stretch-keywords": "1.0.1",
				"css-font-style-keywords": "1.0.1",
				"css-font-weight-keywords": "1.0.0",
				"css-global-keywords": "1.0.1",
				"css-list-helpers": "1.0.1",
				"css-system-font-keywords": "1.0.0",
				"tcomb": "2.7.0",
				"unquote": "1.1.0"
			}
		},
		"parse-json": {
			"version": "2.2.0",
			"resolved": "https://registry.npmjs.org/parse-json/-/parse-json-2.2.0.tgz",
			"integrity": "sha1-9ID0BDTvgHQfhGkJn43qGPVaTck=",
			"requires": {
				"error-ex": "1.3.1"
			}
		},
		"path-exists": {
			"version": "2.1.0",
			"resolved": "https://registry.npmjs.org/path-exists/-/path-exists-2.1.0.tgz",
			"integrity": "sha1-D+tsZPD8UY2adU3V77YscCJ2H0s=",
			"requires": {
				"pinkie-promise": "2.0.1"
			}
		},
		"path-parse": {
			"version": "1.0.5",
			"resolved": "https://registry.npmjs.org/path-parse/-/path-parse-1.0.5.tgz",
			"integrity": "sha1-PBrfhx6pzWyUMbbqK9dKD/BVxME="
		},
		"path-type": {
			"version": "1.1.0",
			"resolved": "https://registry.npmjs.org/path-type/-/path-type-1.1.0.tgz",
			"integrity": "sha1-WcRPfuSR2nBNpBXaWkBwuk+P5EE=",
			"requires": {
				"graceful-fs": "4.1.11",
				"pify": "2.3.0",
				"pinkie-promise": "2.0.1"
			}
		},
		"performance-now": {
			"version": "0.2.0",
			"resolved": "https://registry.npmjs.org/performance-now/-/performance-now-0.2.0.tgz",
			"integrity": "sha1-M+8wxcd9TqIcWlOGnZG1bY8lVeU="
		},
		"pify": {
			"version": "2.3.0",
			"resolved": "https://registry.npmjs.org/pify/-/pify-2.3.0.tgz",
			"integrity": "sha1-7RQaasBDqEnqWISY59yosVMw6Qw="
		},
		"pinkie": {
			"version": "2.0.4",
			"resolved": "https://registry.npmjs.org/pinkie/-/pinkie-2.0.4.tgz",
			"integrity": "sha1-clVrgM+g1IqXToDnckjoDtT3+HA="
		},
		"pinkie-promise": {
			"version": "2.0.1",
			"resolved": "https://registry.npmjs.org/pinkie-promise/-/pinkie-promise-2.0.1.tgz",
			"integrity": "sha1-ITXW36ejWMBprJsXh3YogihFD/o=",
			"requires": {
				"pinkie": "2.0.4"
			}
		},
		"process-nextick-args": {
			"version": "1.0.7",
			"resolved": "https://registry.npmjs.org/process-nextick-args/-/process-nextick-args-1.0.7.tgz",
			"integrity": "sha1-FQ4gt1ZZCtP5EJPyWk8q2L/zC6M="
		},
		"promise": {
			"version": "7.3.1",
			"resolved": "https://registry.npmjs.org/promise/-/promise-7.3.1.tgz",
			"integrity": "sha512-nolQXZ/4L+bP/UGlkfaIujX9BKxGwmQ9OT4mOt5yvy8iK1h3wqTEJCijzGANTCCl9nWjY41juyAn2K3Q1hLLTg==",
			"requires": {
				"asap": "2.0.5"
			}
		},
		"punycode": {
			"version": "1.4.1",
			"resolved": "https://registry.npmjs.org/punycode/-/punycode-1.4.1.tgz",
			"integrity": "sha1-wNWmOycYgArY4esPpSachN1BhF4="
		},
		"qs": {
			"version": "6.4.0",
			"resolved": "https://registry.npmjs.org/qs/-/qs-6.4.0.tgz",
			"integrity": "sha1-E+JtKK1rD/qpExLNO/cI7TUecjM="
		},
		"quote-stream": {
			"version": "1.0.2",
			"resolved": "https://registry.npmjs.org/quote-stream/-/quote-stream-1.0.2.tgz",
			"integrity": "sha1-hJY/jJwmuULhU/7rU6rnRlK34LI=",
			"requires": {
				"buffer-equal": "0.0.1",
				"minimist": "1.2.0",
				"through2": "2.0.3"
			}
		},
		"read-pkg": {
			"version": "1.1.0",
			"resolved": "https://registry.npmjs.org/read-pkg/-/read-pkg-1.1.0.tgz",
			"integrity": "sha1-9f+qXs0pyzHAR0vKfXVra7KePyg=",
			"requires": {
				"load-json-file": "1.1.0",
				"normalize-package-data": "2.4.0",
				"path-type": "1.1.0"
			}
		},
		"read-pkg-up": {
			"version": "1.0.1",
			"resolved": "https://registry.npmjs.org/read-pkg-up/-/read-pkg-up-1.0.1.tgz",
			"integrity": "sha1-nWPBMnbAZZGNV/ACpX9AobZD+wI=",
			"requires": {
				"find-up": "1.1.2",
				"read-pkg": "1.1.0"
			}
		},
		"readable-stream": {
			"version": "2.3.3",
			"resolved": "https://registry.npmjs.org/readable-stream/-/readable-stream-2.3.3.tgz",
			"integrity": "sha512-m+qzzcn7KUxEmd1gMbchF+Y2eIUbieUaxkWtptyHywrX0rE8QEYqPC07Vuy4Wm32/xE16NcdBctb8S0Xe/5IeQ==",
			"requires": {
				"core-util-is": "1.0.2",
				"inherits": "2.0.3",
				"isarray": "1.0.0",
				"process-nextick-args": "1.0.7",
				"safe-buffer": "5.1.1",
				"string_decoder": "1.0.3",
				"util-deprecate": "1.0.2"
			}
		},
		"request": {
			"version": "2.81.0",
			"resolved": "https://registry.npmjs.org/request/-/request-2.81.0.tgz",
			"integrity": "sha1-xpKJRqDgbF+Nb4qTM0af/aRimKA=",
			"requires": {
				"aws-sign2": "0.6.0",
				"aws4": "1.6.0",
				"caseless": "0.12.0",
				"combined-stream": "1.0.5",
				"extend": "3.0.1",
				"forever-agent": "0.6.1",
				"form-data": "2.1.4",
				"har-validator": "4.2.1",
				"hawk": "3.1.3",
				"http-signature": "1.1.1",
				"is-typedarray": "1.0.0",
				"isstream": "0.1.2",
				"json-stringify-safe": "5.0.1",
				"mime-types": "2.1.15",
				"oauth-sign": "0.8.2",
				"performance-now": "0.2.0",
				"qs": "6.4.0",
				"safe-buffer": "5.1.1",
				"stringstream": "0.0.5",
				"tough-cookie": "2.3.2",
				"tunnel-agent": "0.6.0",
				"uuid": "3.1.0"
			}
		},
		"require-directory": {
			"version": "2.1.1",
			"resolved": "https://registry.npmjs.org/require-directory/-/require-directory-2.1.1.tgz",
			"integrity": "sha1-jGStX9MNqxyXbiNE/+f3kqam30I="
		},
		"require-main-filename": {
			"version": "1.0.1",
			"resolved": "https://registry.npmjs.org/require-main-filename/-/require-main-filename-1.0.1.tgz",
			"integrity": "sha1-l/cXtp1IeE9fUmpsWqj/3aBVpNE="
		},
		"resolve": {
			"version": "1.3.3",
			"resolved": "https://registry.npmjs.org/resolve/-/resolve-1.3.3.tgz",
			"integrity": "sha1-ZVkHw0aahoDcLeOidaj91paR8OU=",
			"requires": {
				"path-parse": "1.0.5"
			}
		},
		"rw": {
			"version": "1.3.3",
			"resolved": "https://registry.npmjs.org/rw/-/rw-1.3.3.tgz",
			"integrity": "sha1-P4Yt+pGrdmsUiF700BEkv9oHT7Q="
		},
		"safe-buffer": {
			"version": "5.1.1",
			"resolved": "https://registry.npmjs.org/safe-buffer/-/safe-buffer-5.1.1.tgz",
			"integrity": "sha512-kKvNJn6Mm93gAczWVJg7wH+wGYWNrDHdWvpUmHyEsgCtIwwo3bqPtV4tR5tuPaUhTOo/kvhVwd8XwwOllGYkbg=="
		},
		"semver": {
			"version": "5.3.0",
			"resolved": "https://registry.npmjs.org/semver/-/semver-5.3.0.tgz",
			"integrity": "sha1-myzl094C0XxgEq0yaqa00M9U+U8="
		},
		"set-blocking": {
			"version": "2.0.0",
			"resolved": "https://registry.npmjs.org/set-blocking/-/set-blocking-2.0.0.tgz",
			"integrity": "sha1-BF+XgtARrppoA93TgrJDkrPYkPc="
		},
		"shallow-copy": {
			"version": "0.0.1",
			"resolved": "https://registry.npmjs.org/shallow-copy/-/shallow-copy-0.0.1.tgz",
			"integrity": "sha1-QV9CcC1z2BAzApLMXuhurhoRoXA="
		},
		"shapefile": {
			"version": "0.3.1",
			"resolved": "https://registry.npmjs.org/shapefile/-/shapefile-0.3.1.tgz",
			"integrity": "sha1-m7mkKb1ghqDPsDli0Uz99CD/uhI=",
			"requires": {
				"d3-queue": "1.2.3",
				"iconv-lite": "0.2.11",
				"optimist": "0.3.7"
			},
			"dependencies": {
				"d3-queue": {
					"version": "1.2.3",
					"resolved": "https://registry.npmjs.org/d3-queue/-/d3-queue-1.2.3.tgz",
					"integrity": "sha1-FDpwHPpl/gISkvMhwQ0U6Yq9SRs="
				}
			}
		},
		"sntp": {
			"version": "1.0.9",
			"resolved": "https://registry.npmjs.org/sntp/-/sntp-1.0.9.tgz",
			"integrity": "sha1-ZUEYTMkK7qbG57NeJlkIJEPGYZg=",
			"requires": {
				"hoek": "2.16.3"
			}
		},
		"source-map": {
			"version": "0.1.43",
			"resolved": "https://registry.npmjs.org/source-map/-/source-map-0.1.43.tgz",
			"integrity": "sha1-wkvBRspRfBRx9drL4lcbK3+eM0Y=",
			"optional": true,
			"requires": {
				"amdefine": "1.0.1"
			}
		},
		"spawn-sync": {
			"version": "1.0.15",
			"resolved": "https://registry.npmjs.org/spawn-sync/-/spawn-sync-1.0.15.tgz",
			"integrity": "sha1-sAeZVX63+wyDdsKdROih6mfldHY=",
			"requires": {
				"concat-stream": "1.6.0",
				"os-shim": "0.1.3"
			}
		},
		"spdx-correct": {
			"version": "1.0.2",
			"resolved": "https://registry.npmjs.org/spdx-correct/-/spdx-correct-1.0.2.tgz",
			"integrity": "sha1-SzBz2TP/UfORLwOsVRlJikFQ20A=",
			"requires": {
				"spdx-license-ids": "1.2.2"
			}
		},
		"spdx-expression-parse": {
			"version": "1.0.4",
			"resolved": "https://registry.npmjs.org/spdx-expression-parse/-/spdx-expression-parse-1.0.4.tgz",
			"integrity": "sha1-m98vIOH0DtRH++JzJmGR/O1RYmw="
		},
		"spdx-license-ids": {
			"version": "1.2.2",
			"resolved": "https://registry.npmjs.org/spdx-license-ids/-/spdx-license-ids-1.2.2.tgz",
			"integrity": "sha1-yd96NCRZSt5r0RkA1ZZpbcBrrFc="
		},
		"sshpk": {
			"version": "1.13.1",
			"resolved": "https://registry.npmjs.org/sshpk/-/sshpk-1.13.1.tgz",
			"integrity": "sha1-US322mKHFEMW3EwY/hzx2UBzm+M=",
			"requires": {
				"asn1": "0.2.3",
				"assert-plus": "1.0.0",
				"bcrypt-pbkdf": "1.0.1",
				"dashdash": "1.14.1",
				"ecc-jsbn": "0.1.1",
				"getpass": "0.1.7",
				"jsbn": "0.1.1",
				"tweetnacl": "0.14.5"
			},
			"dependencies": {
				"assert-plus": {
					"version": "1.0.0",
					"resolved": "https://registry.npmjs.org/assert-plus/-/assert-plus-1.0.0.tgz",
					"integrity": "sha1-8S4PPF13sLHN2RRpQuTpbB5N1SU="
				}
			}
		},
		"static-eval": {
			"version": "0.2.4",
			"resolved": "https://registry.npmjs.org/static-eval/-/static-eval-0.2.4.tgz",
			"integrity": "sha1-t9NNg4k3uWn5ZBygfUj47eJj6ns=",
			"requires": {
				"escodegen": "0.0.28"
			},
			"dependencies": {
				"escodegen": {
					"version": "0.0.28",
					"resolved": "https://registry.npmjs.org/escodegen/-/escodegen-0.0.28.tgz",
					"integrity": "sha1-Dk/xcV8yh3XWyrUaxEpAbNer/9M=",
					"requires": {
						"esprima": "1.0.4",
						"estraverse": "1.3.2",
						"source-map": "0.1.43"
					}
				},
				"esprima": {
					"version": "1.0.4",
					"resolved": "https://registry.npmjs.org/esprima/-/esprima-1.0.4.tgz",
					"integrity": "sha1-n1V+CPw7TSbs6d00+Pv0drYlha0="
				},
				"estraverse": {
					"version": "1.3.2",
					"resolved": "https://registry.npmjs.org/estraverse/-/estraverse-1.3.2.tgz",
					"integrity": "sha1-N8K4k+8T1yPydth41g2FNRUqbEI="
				}
			}
		},
		"static-module": {
			"version": "1.3.2",
			"resolved": "https://registry.npmjs.org/static-module/-/static-module-1.3.2.tgz",
			"integrity": "sha1-Mp+58iOlZiZr2nGEO32TLHZxdPM=",
			"requires": {
				"concat-stream": "1.6.0",
				"duplexer2": "0.0.2",
				"escodegen": "1.3.3",
				"falafel": "1.2.0",
				"has": "1.0.1",
				"object-inspect": "0.4.0",
				"quote-stream": "0.0.0",
				"readable-stream": "1.0.34",
				"shallow-copy": "0.0.1",
				"static-eval": "0.2.4",
				"through2": "0.4.2"
			},
			"dependencies": {
				"isarray": {
					"version": "0.0.1",
					"resolved": "https://registry.npmjs.org/isarray/-/isarray-0.0.1.tgz",
					"integrity": "sha1-ihis/Kmo9Bd+Cav8YDiTmwXR7t8="
				},
				"minimist": {
					"version": "0.0.8",
					"resolved": "https://registry.npmjs.org/minimist/-/minimist-0.0.8.tgz",
					"integrity": "sha1-hX/Kv8M5fSYluCKCYuhqp6ARsF0="
				},
				"object-keys": {
					"version": "0.4.0",
					"resolved": "https://registry.npmjs.org/object-keys/-/object-keys-0.4.0.tgz",
					"integrity": "sha1-KKaq50KN0sOpLz2V8hM13SBOAzY="
				},
				"quote-stream": {
					"version": "0.0.0",
					"resolved": "https://registry.npmjs.org/quote-stream/-/quote-stream-0.0.0.tgz",
					"integrity": "sha1-zeKelMQJsW4Z3HCYuJtmWPlyHTs=",
					"requires": {
						"minimist": "0.0.8",
						"through2": "0.4.2"
					}
				},
				"readable-stream": {
					"version": "1.0.34",
					"resolved": "https://registry.npmjs.org/readable-stream/-/readable-stream-1.0.34.tgz",
					"integrity": "sha1-Elgg40vIQtLyqq+v5MKRbuMsFXw=",
					"requires": {
						"core-util-is": "1.0.2",
						"inherits": "2.0.3",
						"isarray": "0.0.1",
						"string_decoder": "0.10.31"
					}
				},
				"string_decoder": {
					"version": "0.10.31",
					"resolved": "https://registry.npmjs.org/string_decoder/-/string_decoder-0.10.31.tgz",
					"integrity": "sha1-YuIDvEF2bGwoyfyEMB2rHFMQ+pQ="
				},
				"through2": {
					"version": "0.4.2",
					"resolved": "https://registry.npmjs.org/through2/-/through2-0.4.2.tgz",
					"integrity": "sha1-2/WGYDEVHsg1K7bE22SiKSqEC5s=",
					"requires": {
						"readable-stream": "1.0.34",
						"xtend": "2.1.2"
					}
				},
				"xtend": {
					"version": "2.1.2",
					"resolved": "https://registry.npmjs.org/xtend/-/xtend-2.1.2.tgz",
					"integrity": "sha1-bv7MKk2tjmlixJAbM3znuoe10os=",
					"requires": {
						"object-keys": "0.4.0"
					}
				}
			}
		},
		"string_decoder": {
			"version": "1.0.3",
			"resolved": "https://registry.npmjs.org/string_decoder/-/string_decoder-1.0.3.tgz",
			"integrity": "sha512-4AH6Z5fzNNBcH+6XDMfA/BTt87skxqJlO0lAh3Dker5zThcAxG6mKz+iGu308UKoPPQ8Dcqx/4JhujzltRa+hQ==",
			"requires": {
				"safe-buffer": "5.1.1"
			}
		},
		"string-width": {
			"version": "1.0.2",
			"resolved": "https://registry.npmjs.org/string-width/-/string-width-1.0.2.tgz",
			"integrity": "sha1-EYvfW4zcUaKn5w0hHgfisLmxB9M=",
			"requires": {
				"code-point-at": "1.1.0",
				"is-fullwidth-code-point": "1.0.0",
				"strip-ansi": "3.0.1"
			}
		},
		"stringstream": {
			"version": "0.0.5",
			"resolved": "https://registry.npmjs.org/stringstream/-/stringstream-0.0.5.tgz",
			"integrity": "sha1-TkhM1N5aC7vuGORjB3EKioFiGHg="
		},
		"strip-ansi": {
			"version": "3.0.1",
			"resolved": "https://registry.npmjs.org/strip-ansi/-/strip-ansi-3.0.1.tgz",
			"integrity": "sha1-ajhfuIU9lS1f8F0Oiq+UJ43GPc8=",
			"requires": {
				"ansi-regex": "2.1.1"
			}
		},
		"strip-bom": {
			"version": "2.0.0",
			"resolved": "https://registry.npmjs.org/strip-bom/-/strip-bom-2.0.0.tgz",
			"integrity": "sha1-YhmoVhZSBJHzV4i9vxRHqZx+aw4=",
			"requires": {
				"is-utf8": "0.2.1"
			}
		},
		"sync-request": {
			"version": "2.2.0",
			"resolved": "https://registry.npmjs.org/sync-request/-/sync-request-2.2.0.tgz",
			"integrity": "sha1-p70sES+glGPrkUnP8OnUKMR5do8=",
			"requires": {
				"concat-stream": "1.6.0",
				"http-response-object": "1.1.0",
				"spawn-sync": "1.0.15",
				"then-request": "2.2.0"
			}
		},
		"tcomb": {
			"version": "2.7.0",
			"resolved": "https://registry.npmjs.org/tcomb/-/tcomb-2.7.0.tgz",
			"integrity": "sha1-ENYpWAQWaaXVNWe5pO6M3iKxwrA="
		},
		"then-request": {
			"version": "2.2.0",
			"resolved": "https://registry.npmjs.org/then-request/-/then-request-2.2.0.tgz",
			"integrity": "sha1-ZnizL6DKIY/laZgbvYhxtZQGDYE=",
			"requires": {
				"caseless": "0.11.0",
				"concat-stream": "1.6.0",
				"http-basic": "2.5.1",
				"http-response-object": "1.1.0",
				"promise": "7.3.1",
				"qs": "6.4.0"
			},
			"dependencies": {
				"caseless": {
					"version": "0.11.0",
					"resolved": "https://registry.npmjs.org/caseless/-/caseless-0.11.0.tgz",
					"integrity": "sha1-cVuW6phBWTzDMGeSP17GDr2k99c="
				}
			}
		},
		"through2": {
			"version": "2.0.3",
			"resolved": "https://registry.npmjs.org/through2/-/through2-2.0.3.tgz",
			"integrity": "sha1-AARWmzfHx0ujnEPzzteNGtlBQL4=",
			"requires": {
				"readable-stream": "2.3.3",
				"xtend": "4.0.1"
			}
		},
		"topojson": {
			"version": "1.6.27",
			"resolved": "https://registry.npmjs.org/topojson/-/topojson-1.6.27.tgz",
			"integrity": "sha1-rb4zpn4vFnPTON8SZErSD8ILQu0=",
			"requires": {
				"d3": "3.5.17",
				"d3-geo-projection": "0.2.16",
				"d3-queue": "2.0.3",
				"optimist": "0.3.7",
				"rw": "1.3.3",
				"shapefile": "0.3.1"
			}
		},
		"tough-cookie": {
			"version": "2.3.2",
			"resolved": "https://registry.npmjs.org/tough-cookie/-/tough-cookie-2.3.2.tgz",
			"integrity": "sha1-8IH3bkyFcg5sN6X6ztc3FQ2EByo=",
			"requires": {
				"punycode": "1.4.1"
			}
		},
		"tunnel-agent": {
			"version": "0.6.0",
			"resolved": "https://registry.npmjs.org/tunnel-agent/-/tunnel-agent-0.6.0.tgz",
			"integrity": "sha1-J6XeoGs2sEoKmWZ3SykIaPD8QP0=",
			"requires": {
				"safe-buffer": "5.1.1"
			}
		},
		"tweetnacl": {
			"version": "0.14.5",
			"resolved": "https://registry.npmjs.org/tweetnacl/-/tweetnacl-0.14.5.tgz",
			"integrity": "sha1-WuaBd/GS1EViadEIr6k/+HQ/T2Q=",
			"optional": true
		},
		"typedarray": {
			"version": "0.0.6",
			"resolved": "https://registry.npmjs.org/typedarray/-/typedarray-0.0.6.tgz",
			"integrity": "sha1-hnrHTjhkGHsdPUfZlqeOxciDB3c="
		},
		"units-css": {
			"version": "0.4.0",
			"resolved": "https://registry.npmjs.org/units-css/-/units-css-0.4.0.tgz",
			"integrity": "sha1-1iKGU6UZg9fBb/KPi53Dsf/tOgc=",
			"optional": true,
			"requires": {
				"isnumeric": "0.2.0",
				"viewport-dimensions": "0.2.0"
			}
		},
		"unquote": {
			"version": "1.1.0",
			"resolved": "https://registry.npmjs.org/unquote/-/unquote-1.1.0.tgz",
			"integrity": "sha1-mOH8YItrhUx1r7G5WvwJm6adlC8=",
			"optional": true
		},
		"util-deprecate": {
			"version": "1.0.2",
			"resolved": "https://registry.npmjs.org/util-deprecate/-/util-deprecate-1.0.2.tgz",
			"integrity": "sha1-RQ1Nyfpw3nMnYvvS1KKJgUGaDM8="
		},
		"uuid": {
			"version": "3.1.0",
			"resolved": "https://registry.npmjs.org/uuid/-/uuid-3.1.0.tgz",
			"integrity": "sha512-DIWtzUkw04M4k3bf1IcpS2tngXEL26YUD2M0tMDUpnUrz2hgzUBlD55a4FjdLGPvfHxS6uluGWvaVEqgBcVa+g=="
		},
		"validate-npm-package-license": {
			"version": "3.0.1",
			"resolved": "https://registry.npmjs.org/validate-npm-package-license/-/validate-npm-package-license-3.0.1.tgz",
			"integrity": "sha1-KAS6vnEq0zeUWaz74kdGqywwP7w=",
			"requires": {
				"spdx-correct": "1.0.2",
				"spdx-expression-parse": "1.0.4"
			}
		},
		"vega": {
			"version": "2.6.5",
			"resolved": "https://registry.npmjs.org/vega/-/vega-2.6.5.tgz",
			"integrity": "sha1-I3jUZyk0Igvilx3AhxqYflQstb4=",
			"requires": {
				"canvas": "1.6.5",
				"d3": "3.5.17",
				"d3-cloud": "1.2.4",
				"d3-geo-projection": "0.2.16",
				"datalib": "1.7.3",
				"topojson": "1.6.27",
				"vega-dataflow": "1.4.3",
				"vega-event-selector": "1.1.0",
				"vega-expression": "1.2.1",
				"vega-logging": "1.0.2",
				"vega-scenegraph": "1.1.0",
				"yargs": "3.32.0"
			}
		},
		"vega-dataflow": {
			"version": "1.4.3",
			"resolved": "https://registry.npmjs.org/vega-dataflow/-/vega-dataflow-1.4.3.tgz",
			"integrity": "sha1-GsX1is4DOYL/Q/EqDrJjps0rXis=",
			"requires": {
				"datalib": "1.7.3",
				"vega-logging": "1.0.2"
			}
		},
		"vega-embed": {
			"version": "2.2.0",
			"resolved": "https://registry.npmjs.org/vega-embed/-/vega-embed-2.2.0.tgz",
			"integrity": "sha1-si+3DFQ23SC1VZWixsMyHTXEyaQ="
		},
		"vega-event-selector": {
			"version": "1.1.0",
			"resolved": "https://registry.npmjs.org/vega-event-selector/-/vega-event-selector-1.1.0.tgz",
			"integrity": "sha1-fn6wIXuTQ7vZ3Yqek2323nSV24w="
		},
		"vega-expression": {
			"version": "1.2.1",
			"resolved": "https://registry.npmjs.org/vega-expression/-/vega-expression-1.2.1.tgz",
			"integrity": "sha1-BaxDv/QzNLVzxi0wRIRk1rMqDs4="
		},
		"vega-lite": {
			"version": "1.3.1",
			"resolved": "https://registry.npmjs.org/vega-lite/-/vega-lite-1.3.1.tgz",
			"integrity": "sha1-SLASl1UiE3knCGrjpGdVt+0uiYk=",
			"requires": {
				"datalib": "1.7.3",
				"json-stable-stringify": "1.0.1",
				"yargs": "6.3.0"
			},
			"dependencies": {
				"camelcase": {
					"version": "3.0.0",
					"resolved": "https://registry.npmjs.org/camelcase/-/camelcase-3.0.0.tgz",
					"integrity": "sha1-MvxLn82vhF/N9+c7uXysImHwqwo="
				},
				"window-size": {
					"version": "0.2.0",
					"resolved": "https://registry.npmjs.org/window-size/-/window-size-0.2.0.tgz",
					"integrity": "sha1-tDFbtCFKPXBY6+7okuE/ok2YsHU="
				},
				"yargs": {
					"version": "6.3.0",
					"resolved": "https://registry.npmjs.org/yargs/-/yargs-6.3.0.tgz",
					"integrity": "sha1-Gcbbt2h0TVcetuuuDBdM8vcbGI0=",
					"requires": {
						"camelcase": "3.0.0",
						"cliui": "3.2.0",
						"decamelize": "1.2.0",
						"get-caller-file": "1.0.2",
						"os-locale": "1.4.0",
						"read-pkg-up": "1.0.1",
						"require-directory": "2.1.1",
						"require-main-filename": "1.0.1",
						"set-blocking": "2.0.0",
						"string-width": "1.0.2",
						"which-module": "1.0.0",
						"window-size": "0.2.0",
						"y18n": "3.2.1",
						"yargs-parser": "4.2.1"
					}
				}
			}
		},
		"vega-logging": {
			"version": "1.0.2",
			"resolved": "https://registry.npmjs.org/vega-logging/-/vega-logging-1.0.2.tgz",
			"integrity": "sha1-wOt9QBPspTZ3gwdek1CMSlQNdEQ="
		},
		"vega-scenegraph": {
			"version": "1.1.0",
			"resolved": "https://registry.npmjs.org/vega-scenegraph/-/vega-scenegraph-1.1.0.tgz",
			"integrity": "sha1-qLkef+v25lf6NvqymE9jiEgQxmM=",
			"requires": {
				"canvas": "1.6.5",
				"d3": "3.5.17",
				"datalib": "1.7.3"
			}
		},
		"verror": {
			"version": "1.3.6",
			"resolved": "https://registry.npmjs.org/verror/-/verror-1.3.6.tgz",
			"integrity": "sha1-z/XfEpRtKX0rqu+qJoniW+AcAFw=",
			"requires": {
				"extsprintf": "1.0.2"
			}
		},
		"viewport-dimensions": {
			"version": "0.2.0",
			"resolved": "https://registry.npmjs.org/viewport-dimensions/-/viewport-dimensions-0.2.0.tgz",
			"integrity": "sha1-3nQHR9tTh/0XJfUXXpG6x2r982w=",
			"optional": true
		},
		"which-module": {
			"version": "1.0.0",
			"resolved": "https://registry.npmjs.org/which-module/-/which-module-1.0.0.tgz",
			"integrity": "sha1-u6Y8qGGUiZT/MHc2CJ47lgJsKk8="
		},
		"window-size": {
			"version": "0.1.4",
			"resolved": "https://registry.npmjs.org/window-size/-/window-size-0.1.4.tgz",
			"integrity": "sha1-+OGqHuWlPsW/FR/6CXQqatdpeHY="
		},
		"wordwrap": {
			"version": "0.0.3",
			"resolved": "https://registry.npmjs.org/wordwrap/-/wordwrap-0.0.3.tgz",
			"integrity": "sha1-o9XabNXAvAAI03I0u68b7WMFkQc="
		},
		"wrap-ansi": {
			"version": "2.1.0",
			"resolved": "https://registry.npmjs.org/wrap-ansi/-/wrap-ansi-2.1.0.tgz",
			"integrity": "sha1-2Pw9KE3QV5T+hJc8rs3Rz4JP3YU=",
			"requires": {
				"string-width": "1.0.2",
				"strip-ansi": "3.0.1"
			}
		},
		"xtend": {
			"version": "4.0.1",
			"resolved": "https://registry.npmjs.org/xtend/-/xtend-4.0.1.tgz",
			"integrity": "sha1-pcbVMr5lbiPbgg77lDofBJmNY68="
		},
		"y18n": {
			"version": "3.2.1",
			"resolved": "https://registry.npmjs.org/y18n/-/y18n-3.2.1.tgz",
			"integrity": "sha1-bRX7qITAhnnA136I53WegR4H+kE="
		},
		"yargs": {
			"version": "3.32.0",
			"resolved": "https://registry.npmjs.org/yargs/-/yargs-3.32.0.tgz",
			"integrity": "sha1-AwiOnr+edWtpdRYR0qXvWRSCyZU=",
			"requires": {
				"camelcase": "2.1.1",
				"cliui": "3.2.0",
				"decamelize": "1.2.0",
				"os-locale": "1.4.0",
				"string-width": "1.0.2",
				"window-size": "0.1.4",
				"y18n": "3.2.1"
			}
		},
		"yargs-parser": {
			"version": "4.2.1",
			"resolved": "https://registry.npmjs.org/yargs-parser/-/yargs-parser-4.2.1.tgz",
			"integrity": "sha1-KczqwNxPA8bIe0qfIX3RjJ90hxw=",
			"requires": {
				"camelcase": "3.0.0"
			},
			"dependencies": {
				"camelcase": {
					"version": "3.0.0",
					"resolved": "https://registry.npmjs.org/camelcase/-/camelcase-3.0.0.tgz",
					"integrity": "sha1-MvxLn82vhF/N9+c7uXysImHwqwo="
				}
			}
		}
	}
}
