{
	"requires": true,
	"lockfileVersion": 1,
	"dependencies": {
		"@nteract/plotly": {
			"version": "1.0.0",
			"resolved": "https://registry.npmjs.org/@nteract/plotly/-/plotly-1.0.0.tgz",
			"integrity": "sha1-HORUqxuqZ9wm5y/1qRfCBl7tkUY="
		},
		"lodash": {
			"version": "4.17.4",
			"resolved": "https://registry.npmjs.org/lodash/-/lodash-4.17.4.tgz",
			"integrity": "sha1-eCA6TRwyiuHYbcpkYONptX9AVa4="
		}
	}
}
